Microsoft Visual Studio Solution File, Format Version 12.00
# Visual Studio Version 17
VisualStudioVersion = 17.5.2.0
MinimumVisualStudioVersion = 10.0.40219.1
Project("{FAE04EC0-301F-11D3-BF4B-00C04F79EFBC}") = "Lektion 12", "Lektion 12.csproj", "{DBBA1578-BEA0-9E7F-2101-ACF20169722B}"
EndProject
Global
	GlobalSection(SolutionConfigurationPlatforms) = preSolution
		Debug|Any CPU = Debug|Any CPU
		Release|Any CPU = Release|Any CPU
	EndGlobalSection
	GlobalSection(ProjectConfigurationPlatforms) = postSolution
		{DBBA1578-BEA0-9E7F-2101-ACF20169722B}.Debug|Any CPU.ActiveCfg = Debug|Any CPU
		{DBBA1578-BEA0-9E7F-2101-ACF20169722B}.Debug|Any CPU.Build.0 = Debug|Any CPU
		{DBBA1578-BEA0-9E7F-2101-ACF20169722B}.Release|Any CPU.ActiveCfg = Release|Any CPU
		{DBBA1578-BEA0-9E7F-2101-ACF20169722B}.Release|Any CPU.Build.0 = Release|Any CPU
	EndGlobalSection
	GlobalSection(SolutionProperties) = preSolution
		HideSolutionNode = FALSE
	EndGlobalSection
	GlobalSection(ExtensibilityGlobals) = postSolution
		SolutionGuid = {D5A22633-2CBC-4FA2-A986-C53E8F019374}
	EndGlobalSection
EndGlobal
